
Microsoft Visual Studio Solution File, Format Version 12.00
# Visual Studio Version 16
VisualStudioVersion = 16.0.31624.102
MinimumVisualStudioVersion = 10.0.40219.1
Project("{8BC9CEB8-8B4A-11D0-8D11-00A0C91BC942}") = "PTViewDriver", "PTViewDriver\PTViewDriver.vcxproj", "{38E90BC3-890C-4507-AC9A-BAA07AAD96C4}"
EndProject
Project("{FAE04EC0-301F-11D3-BF4B-00C04F79EFBC}") = "PTViewClient", "PTViewClient\PTViewClient.csproj", "{A3A2C7A9-7CAD-46A5-BAA4-2C19F342D391}"
EndProject
Global
	GlobalSection(SolutionConfigurationPlatforms) = preSolution
		Debug|Any CPU = Debug|Any CPU
		Debug|ARM = Debug|ARM
		Debug|ARM64 = Debug|ARM64
		Debug|x64 = Debug|x64
		Debug|x86 = Debug|x86
		Release|Any CPU = Release|Any CPU
		Release|ARM = Release|ARM
		Release|ARM64 = Release|ARM64
		Release|x64 = Release|x64
		Release|x86 = Release|x86
	EndGlobalSection
	GlobalSection(ProjectConfigurationPlatforms) = postSolution
		{38E90BC3-890C-4507-AC9A-BAA07AAD96C4}.Debug|Any CPU.ActiveCfg = Debug|Win32
		{38E90BC3-890C-4507-AC9A-BAA07AAD96C4}.Debug|ARM.ActiveCfg = Debug|ARM
		{38E90BC3-890C-4507-AC9A-BAA07AAD96C4}.Debug|ARM.Build.0 = Debug|ARM
		{38E90BC3-890C-4507-AC9A-BAA07AAD96C4}.Debug|ARM.Deploy.0 = Debug|ARM
		{38E90BC3-890C-4507-AC9A-BAA07AAD96C4}.Debug|ARM64.ActiveCfg = Debug|ARM64
		{38E90BC3-890C-4507-AC9A-BAA07AAD96C4}.Debug|ARM64.Build.0 = Debug|ARM64
		{38E90BC3-890C-4507-AC9A-BAA07AAD96C4}.Debug|ARM64.Deploy.0 = Debug|ARM64
		{38E90BC3-890C-4507-AC9A-BAA07AAD96C4}.Debug|x64.ActiveCfg = Debug|x64
		{38E90BC3-890C-4507-AC9A-BAA07AAD96C4}.Debug|x64.Build.0 = Debug|x64
		{38E90BC3-890C-4507-AC9A-BAA07AAD96C4}.Debug|x64.Deploy.0 = Debug|x64
		{38E90BC3-890C-4507-AC9A-BAA07AAD96C4}.Debug|x86.ActiveCfg = Debug|Win32
		{38E90BC3-890C-4507-AC9A-BAA07AAD96C4}.Debug|x86.Build.0 = Debug|Win32
		{38E90BC3-890C-4507-AC9A-BAA07AAD96C4}.Debug|x86.Deploy.0 = Debug|Win32
		{38E90BC3-890C-4507-AC9A-BAA07AAD96C4}.Release|Any CPU.ActiveCfg = Release|Win32
		{38E90BC3-890C-4507-AC9A-BAA07AAD96C4}.Release|ARM.ActiveCfg = Release|ARM
		{38E90BC3-890C-4507-AC9A-BAA07AAD96C4}.Release|ARM.Build.0 = Release|ARM
		{38E90BC3-890C-4507-AC9A-BAA07AAD96C4}.Release|ARM.Deploy.0 = Release|ARM
		{38E90BC3-890C-4507-AC9A-BAA07AAD96C4}.Release|ARM64.ActiveCfg = Release|ARM64
		{38E90BC3-890C-4507-AC9A-BAA07AAD96C4}.Release|ARM64.Build.0 = Release|ARM64
		{38E90BC3-890C-4507-AC9A-BAA07AAD96C4}.Release|ARM64.Deploy.0 = Release|ARM64
		{38E90BC3-890C-4507-AC9A-BAA07AAD96C4}.Release|x64.ActiveCfg = Release|x64
		{38E90BC3-890C-4507-AC9A-BAA07AAD96C4}.Release|x64.Build.0 = Release|x64
		{38E90BC3-890C-4507-AC9A-BAA07AAD96C4}.Release|x64.Deploy.0 = Release|x64
		{38E90BC3-890C-4507-AC9A-BAA07AAD96C4}.Release|x86.ActiveCfg = Release|Win32
		{38E90BC3-890C-4507-AC9A-BAA07AAD96C4}.Release|x86.Build.0 = Release|Win32
		{38E90BC3-890C-4507-AC9A-BAA07AAD96C4}.Release|x86.Deploy.0 = Release|Win32
		{A3A2C7A9-7CAD-46A5-BAA4-2C19F342D391}.Debug|Any CPU.ActiveCfg = Debug|Any CPU
		{A3A2C7A9-7CAD-46A5-BAA4-2C19F342D391}.Debug|Any CPU.Build.0 = Debug|Any CPU
		{A3A2C7A9-7CAD-46A5-BAA4-2C19F342D391}.Debug|ARM.ActiveCfg = Debug|Any CPU
		{A3A2C7A9-7CAD-46A5-BAA4-2C19F342D391}.Debug|ARM.Build.0 = Debug|Any CPU
		{A3A2C7A9-7CAD-46A5-BAA4-2C19F342D391}.Debug|ARM64.ActiveCfg = Debug|Any CPU
		{A3A2C7A9-7CAD-46A5-BAA4-2C19F342D391}.Debug|ARM64.Build.0 = Debug|Any CPU
		{A3A2C7A9-7CAD-46A5-BAA4-2C19F342D391}.Debug|x64.ActiveCfg = Debug|Any CPU
		{A3A2C7A9-7CAD-46A5-BAA4-2C19F342D391}.Debug|x64.Build.0 = Debug|Any CPU
		{A3A2C7A9-7CAD-46A5-BAA4-2C19F342D391}.Debug|x86.ActiveCfg = Debug|Any CPU
		{A3A2C7A9-7CAD-46A5-BAA4-2C19F342D391}.Debug|x86.Build.0 = Debug|Any CPU
		{A3A2C7A9-7CAD-46A5-BAA4-2C19F342D391}.Release|Any CPU.ActiveCfg = Release|Any CPU
		{A3A2C7A9-7CAD-46A5-BAA4-2C19F342D391}.Release|Any CPU.Build.0 = Release|Any CPU
		{A3A2C7A9-7CAD-46A5-BAA4-2C19F342D391}.Release|ARM.ActiveCfg = Release|Any CPU
		{A3A2C7A9-7CAD-46A5-BAA4-2C19F342D391}.Release|ARM.Build.0 = Release|Any CPU
		{A3A2C7A9-7CAD-46A5-BAA4-2C19F342D391}.Release|ARM64.ActiveCfg = Release|Any CPU
		{A3A2C7A9-7CAD-46A5-BAA4-2C19F342D391}.Release|ARM64.Build.0 = Release|Any CPU
		{A3A2C7A9-7CAD-46A5-BAA4-2C19F342D391}.Release|x64.ActiveCfg = Release|Any CPU
		{A3A2C7A9-7CAD-46A5-BAA4-2C19F342D391}.Release|x64.Build.0 = Release|Any CPU
		{A3A2C7A9-7CAD-46A5-BAA4-2C19F342D391}.Release|x86.ActiveCfg = Release|Any CPU
		{A3A2C7A9-7CAD-46A5-BAA4-2C19F342D391}.Release|x86.Build.0 = Release|Any CPU
	EndGlobalSection
	GlobalSection(SolutionProperties) = preSolution
		HideSolutionNode = FALSE
	EndGlobalSection
	GlobalSection(ExtensibilityGlobals) = postSolution
		SolutionGuid = {5DD1F5DE-E5A1-41F9-8BC0-17A8BF3D7128}
	EndGlobalSection
EndGlobal
